
Microsoft Visual Studio Solution File, Format Version 12.00
# Visual Studio Version 16
VisualStudioVersion = 16.0.31624.102
MinimumVisualStudioVersion = 10.0.40219.1
Project("{8BC9CEB8-8B4A-11D0-8D11-00A0C91BC942}") = "WorkFlow", "WorkFlow\WorkFlow.vcxproj", "{D01DFC0F-E99D-4A87-9B33-59BA77B1D036}"
EndProject
Global
	GlobalSection(SolutionConfigurationPlatforms) = preSolution
		Debug|x64 = Debug|x64
		Debug|x86 = Debug|x86
		Release|x64 = Release|x64
		Release|x86 = Release|x86
	EndGlobalSection
	GlobalSection(ProjectConfigurationPlatforms) = postSolution
		{D01DFC0F-E99D-4A87-9B33-59BA77B1D036}.Debug|x64.ActiveCfg = Debug|x64
		{D01DFC0F-E99D-4A87-9B33-59BA77B1D036}.Debug|x64.Build.0 = Debug|x64
		{D01DFC0F-E99D-4A87-9B33-59BA77B1D036}.Debug|x86.ActiveCfg = Debug|Win32
		{D01DFC0F-E99D-4A87-9B33-59BA77B1D036}.Debug|x86.Build.0 = Debug|Win32
		{D01DFC0F-E99D-4A87-9B33-59BA77B1D036}.Release|x64.ActiveCfg = Release|x64
		{D01DFC0F-E99D-4A87-9B33-59BA77B1D036}.Release|x64.Build.0 = Release|x64
		{D01DFC0F-E99D-4A87-9B33-59BA77B1D036}.Release|x86.ActiveCfg = Release|Win32
		{D01DFC0F-E99D-4A87-9B33-59BA77B1D036}.Release|x86.Build.0 = Release|Win32
	EndGlobalSection
	GlobalSection(SolutionProperties) = preSolution
		HideSolutionNode = FALSE
	EndGlobalSection
	GlobalSection(ExtensibilityGlobals) = postSolution
		SolutionGuid = {0A15CC3B-7E8C-4154-B108-582D38C8FF0D}
	EndGlobalSection
EndGlobal
